
Microsoft Visual Studio Solution File, Format Version 12.00
# Visual Studio Version 16
VisualStudioVersion = 16.0.30309.148
MinimumVisualStudioVersion = 10.0.40219.1
Project("{FAE04EC0-301F-11D3-BF4B-00C04F79EFBC}") = "Hangman Lite", "Hangman Lite.csproj", "{2EC0F364-CEF3-4771-9907-591F1CDBE031}"
EndProject
Global
	GlobalSection(SolutionConfigurationPlatforms) = preSolution
		Debug|Any CPU = Debug|Any CPU
		Release|Any CPU = Release|Any CPU
	EndGlobalSection
	GlobalSection(ProjectConfigurationPlatforms) = postSolution
		{2EC0F364-CEF3-4771-9907-591F1CDBE031}.Debug|Any CPU.ActiveCfg = Debug|Any CPU
		{2EC0F364-CEF3-4771-9907-591F1CDBE031}.Debug|Any CPU.Build.0 = Debug|Any CPU
		{2EC0F364-CEF3-4771-9907-591F1CDBE031}.Release|Any CPU.ActiveCfg = Release|Any CPU
		{2EC0F364-CEF3-4771-9907-591F1CDBE031}.Release|Any CPU.Build.0 = Release|Any CPU
	EndGlobalSection
	GlobalSection(SolutionProperties) = preSolution
		HideSolutionNode = FALSE
	EndGlobalSection
	GlobalSection(ExtensibilityGlobals) = postSolution
		SolutionGuid = {DBF32F19-31BC-4685-8B21-1584F1D07446}
	EndGlobalSection
EndGlobal
